
Microsoft Visual Studio Solution File, Format Version 12.00
# Visual Studio Version 17
VisualStudioVersion = 17.14.36414.22 d17.14
MinimumVisualStudioVersion = 10.0.40219.1
Project("{FAE04EC0-301F-11D3-BF4B-00C04F79EFBC}") = "GameDevPortfolio", "GameDevPortfolio.csproj", "{C05DEE48-5C32-83DA-18D0-7EF9C119DE5F}"
EndProject
Global
	GlobalSection(SolutionConfigurationPlatforms) = preSolution
		Debug|Any CPU = Debug|Any CPU
		Release|Any CPU = Release|Any CPU
	EndGlobalSection
	GlobalSection(ProjectConfigurationPlatforms) = postSolution
		{C05DEE48-5C32-83DA-18D0-7EF9C119DE5F}.Debug|Any CPU.ActiveCfg = Debug|Any CPU
		{C05DEE48-5C32-83DA-18D0-7EF9C119DE5F}.Debug|Any CPU.Build.0 = Debug|Any CPU
		{C05DEE48-5C32-83DA-18D0-7EF9C119DE5F}.Release|Any CPU.ActiveCfg = Release|Any CPU
		{C05DEE48-5C32-83DA-18D0-7EF9C119DE5F}.Release|Any CPU.Build.0 = Release|Any CPU
	EndGlobalSection
	GlobalSection(SolutionProperties) = preSolution
		HideSolutionNode = FALSE
	EndGlobalSection
	GlobalSection(ExtensibilityGlobals) = postSolution
		SolutionGuid = {98455DCC-C2E2-4790-9E65-4B5AF04F8B52}
	EndGlobalSection
EndGlobal
